{
  "name": "@udx/dev-kit",
  "version": "0.4.0",
  "lockfileVersion": 3,
  "requires": true,
  "packages": {
    "": {
      "name": "@udx/dev-kit",
      "version": "0.4.0",
      "license": "MIT",
      "bin": {
        "dev-kit": "bin/dev-kit",
        "dev.kit": "bin/dev-kit"
      }
    }
  }
}
